
Microsoft Visual Studio Solution File, Format Version 12.00
# Visual Studio Version 17
VisualStudioVersion = 17.14.36408.4 d17.14
MinimumVisualStudioVersion = 10.0.40219.1
Project("{FAE04EC0-301F-11D3-BF4B-00C04F79EFBC}") = "OurLady.Web", "OurLady.Web\OurLady.Web.csproj", "{DCD6E91F-04CC-4468-B0DE-8928C4EC6F80}"
EndProject
Project("{FAE04EC0-301F-11D3-BF4B-00C04F79EFBC}") = "Oscewi.Web", "Oscewi.Web\Oscewi.Web.csproj", "{0950A53C-890E-4285-A466-C0A3CDC51B64}"
EndProject
Project("{FAE04EC0-301F-11D3-BF4B-00C04F79EFBC}") = "APIServices", "APIServices\APIServices.csproj", "{E2AD4911-1D98-466F-BFE4-1BB979A1E873}"
EndProject
Project("{FAE04EC0-301F-11D3-BF4B-00C04F79EFBC}") = "Shared", "Shared\Shared.csproj", "{B7481C90-FB0E-43A8-9544-4E7E69C67AD4}"
EndProject
Project("{FAE04EC0-301F-11D3-BF4B-00C04F79EFBC}") = "Admin.Project", "Admin.Project\Admin.Project.csproj", "{33F3F787-F0B7-42CC-9C86-623F65DB4179}"
EndProject
Global
	GlobalSection(SolutionConfigurationPlatforms) = preSolution
		Debug|Any CPU = Debug|Any CPU
		Release|Any CPU = Release|Any CPU
	EndGlobalSection
	GlobalSection(ProjectConfigurationPlatforms) = postSolution
		{DCD6E91F-04CC-4468-B0DE-8928C4EC6F80}.Debug|Any CPU.ActiveCfg = Debug|Any CPU
		{DCD6E91F-04CC-4468-B0DE-8928C4EC6F80}.Debug|Any CPU.Build.0 = Debug|Any CPU
		{DCD6E91F-04CC-4468-B0DE-8928C4EC6F80}.Release|Any CPU.ActiveCfg = Release|Any CPU
		{DCD6E91F-04CC-4468-B0DE-8928C4EC6F80}.Release|Any CPU.Build.0 = Release|Any CPU
		{0950A53C-890E-4285-A466-C0A3CDC51B64}.Debug|Any CPU.ActiveCfg = Debug|Any CPU
		{0950A53C-890E-4285-A466-C0A3CDC51B64}.Debug|Any CPU.Build.0 = Debug|Any CPU
		{0950A53C-890E-4285-A466-C0A3CDC51B64}.Release|Any CPU.ActiveCfg = Release|Any CPU
		{0950A53C-890E-4285-A466-C0A3CDC51B64}.Release|Any CPU.Build.0 = Release|Any CPU
		{E2AD4911-1D98-466F-BFE4-1BB979A1E873}.Debug|Any CPU.ActiveCfg = Debug|Any CPU
		{E2AD4911-1D98-466F-BFE4-1BB979A1E873}.Debug|Any CPU.Build.0 = Debug|Any CPU
		{E2AD4911-1D98-466F-BFE4-1BB979A1E873}.Release|Any CPU.ActiveCfg = Release|Any CPU
		{E2AD4911-1D98-466F-BFE4-1BB979A1E873}.Release|Any CPU.Build.0 = Release|Any CPU
		{B7481C90-FB0E-43A8-9544-4E7E69C67AD4}.Debug|Any CPU.ActiveCfg = Debug|Any CPU
		{B7481C90-FB0E-43A8-9544-4E7E69C67AD4}.Debug|Any CPU.Build.0 = Debug|Any CPU
		{B7481C90-FB0E-43A8-9544-4E7E69C67AD4}.Release|Any CPU.ActiveCfg = Release|Any CPU
		{B7481C90-FB0E-43A8-9544-4E7E69C67AD4}.Release|Any CPU.Build.0 = Release|Any CPU
		{33F3F787-F0B7-42CC-9C86-623F65DB4179}.Debug|Any CPU.ActiveCfg = Debug|Any CPU
		{33F3F787-F0B7-42CC-9C86-623F65DB4179}.Debug|Any CPU.Build.0 = Debug|Any CPU
		{33F3F787-F0B7-42CC-9C86-623F65DB4179}.Release|Any CPU.ActiveCfg = Release|Any CPU
		{33F3F787-F0B7-42CC-9C86-623F65DB4179}.Release|Any CPU.Build.0 = Release|Any CPU
	EndGlobalSection
	GlobalSection(SolutionProperties) = preSolution
		HideSolutionNode = FALSE
	EndGlobalSection
	GlobalSection(ExtensibilityGlobals) = postSolution
		SolutionGuid = {EF732A5C-D485-409A-987E-50681A1145CE}
	EndGlobalSection
EndGlobal
